set_global_assignment -name FAMILY "Cyclone II"
set_global_assignment -name DEVICE EP2C5T144C8
set_global_assignment -name TOP_LEVEL_ENTITY touch_capture_top
set_global_assignment -name SYSTEMVERILOG_FILE touch_capture_top.sv
set_global_assignment -name SYSTEMVERILOG_FILE xpt2046_reader.sv
set_global_assignment -name SYSTEMVERILOG_FILE xpt2046_calibrator.sv
set_global_assignment -name SYSTEMVERILOG_FILE touch_frame_adapter.sv
set_global_assignment -name SDC_FILE touch_capture_top.sdc
set_global_assignment -name ORIGINAL_QUARTUS_VERSION 13.0
set_global_assignment -name NUM_PARALLEL_PROCESSORS 2
set_global_assignment -name PROJECT_OUTPUT_DIRECTORY output_files_top

set_global_assignment -name LAST_QUARTUS_VERSION "13.0 SP1"